// !$*UTF8*$!
{
	archiveVersion = 1;
	classes = {
	};
	objectVersion = 52;
	objects = {

/* Begin PBXBuildFile section */
		E218D27D1A69F7DF00698833 /* IAPHelper.m in Sources */ = {isa = PBXBuildFile; fileRef = E218D27C1A69F7DF00698833 /* IAPHelper.m */; };
		E21AB823285E85C9002B88AF /* MetalANGLE.xcframework in Frameworks */ = {isa = PBXBuildFile; fileRef = E21AB822285E85C9002B88AF /* MetalANGLE.xcframework */; };
		E21AB824285E85C9002B88AF /* MetalANGLE.xcframework in Embed Frameworks */ = {isa = PBXBuildFile; fileRef = E21AB822285E85C9002B88AF /* MetalANGLE.xcframework */; settings = {ATTRIBUTES = (CodeSignOnCopy, RemoveHeadersOnCopy, ); }; };
		E21AB826285E878A002B88AF /* CoreServices.framework in Frameworks */ = {isa = PBXBuildFile; fileRef = E21AB81D285E8538002B88AF /* CoreServices.framework */; };
		E21AB827285E8791002B88AF /* GameController.framework in Frameworks */ = {isa = PBXBuildFile; fileRef = E21AB81E285E853B002B88AF /* GameController.framework */; };
		E22EF4F71A33523800A74B9F /* UIKit.framework in Frameworks */ = {isa = PBXBuildFile; fileRef = E22EF4F61A33523800A74B9F /* UIKit.framework */; };
		E22EF4F91A33524600A74B9F /* Foundation.framework in Frameworks */ = {isa = PBXBuildFile; fileRef = E22EF4F81A33524600A74B9F /* Foundation.framework */; };
		E22EF4FB1A33524F00A74B9F /* CoreGraphics.framework in Frameworks */ = {isa = PBXBuildFile; fileRef = E22EF4FA1A33524F00A74B9F /* CoreGraphics.framework */; };
		E22EF4FF1A3352C500A74B9F /* AudioToolbox.framework in Frameworks */ = {isa = PBXBuildFile; fileRef = E22EF4FE1A3352C500A74B9F /* AudioToolbox.framework */; };
		E22EF5011A3352D900A74B9F /* QuartzCore.framework in Frameworks */ = {isa = PBXBuildFile; fileRef = E22EF5001A3352D900A74B9F /* QuartzCore.framework */; };
		E22EF5031A3352EA00A74B9F /* ImageIO.framework in Frameworks */ = {isa = PBXBuildFile; fileRef = E22EF5021A3352EA00A74B9F /* ImageIO.framework */; };
		E26635402425BD62005FA50B /* LaunchImage-foreground.png in Resources */ = {isa = PBXBuildFile; fileRef = E266353E2425BD61005FA50B /* LaunchImage-foreground.png */; };
		E26635412425BD62005FA50B /* LaunchImage-background.png in Resources */ = {isa = PBXBuildFile; fileRef = E266353F2425BD61005FA50B /* LaunchImage-background.png */; };
		E26D5A9A241A038B00D17256 /* base in Resources */ = {isa = PBXBuildFile; fileRef = E2F6E416241629FB00E81516 /* base */; };
		E2845E1F1A350A57004BC3F8 /* main.c in Sources */ = {isa = PBXBuildFile; fileRef = E2845E1E1A350A57004BC3F8 /* main.c */; };
		E2907EC324284D42003439CC /* Launch Screen.storyboard in Resources */ = {isa = PBXBuildFile; fileRef = E2907EC224284D42003439CC /* Launch Screen.storyboard */; };
		E2AFEA461A4A40F3001ED72C /* VideoPlayer.m in Sources */ = {isa = PBXBuildFile; fileRef = E2AFEA451A4A40F3001ED72C /* VideoPlayer.m */; };
		E2BB98831A631363009C927E /* Media.xcassets in Resources */ = {isa = PBXBuildFile; fileRef = E2BB98821A631363009C927E /* Media.xcassets */; };
		E2EF82F91B40D83600A94E16 /* Log.m in Sources */ = {isa = PBXBuildFile; fileRef = E2EF82F81B40D83600A94E16 /* Log.m */; };
		E2F6E4132414A79E00E81516 /* CoreMotion.framework in Frameworks */ = {isa = PBXBuildFile; fileRef = E2EF82EE1B350A1D00A94E16 /* CoreMotion.framework */; };
/* End PBXBuildFile section */

/* Begin PBXCopyFilesBuildPhase section */
		E21AB825285E85C9002B88AF /* Embed Frameworks */ = {
			isa = PBXCopyFilesBuildPhase;
			buildActionMask = 2147483647;
			dstPath = "";
			dstSubfolderSpec = 10;
			files = (
				E21AB824285E85C9002B88AF /* MetalANGLE.xcframework in Embed Frameworks */,
			);
			name = "Embed Frameworks";
			runOnlyForDeploymentPostprocessing = 0;
		};
/* End PBXCopyFilesBuildPhase section */

/* Begin PBXFileReference section */
		E20E170E1A34DF1900820124 /* Info.plist */ = {isa = PBXFileReference; fileEncoding = 4; lastKnownFileType = text.plist.xml; path = Info.plist; sourceTree = "<group>"; };
		E218D27C1A69F7DF00698833 /* IAPHelper.m */ = {isa = PBXFileReference; fileEncoding = 4; lastKnownFileType = sourcecode.c.objc; path = IAPHelper.m; sourceTree = "<group>"; };
		E21AB81D285E8538002B88AF /* CoreServices.framework */ = {isa = PBXFileReference; lastKnownFileType = wrapper.framework; name = CoreServices.framework; path = System/Library/Frameworks/CoreServices.framework; sourceTree = SDKROOT; };
		E21AB81E285E853B002B88AF /* GameController.framework */ = {isa = PBXFileReference; lastKnownFileType = wrapper.framework; name = GameController.framework; path = System/Library/Frameworks/GameController.framework; sourceTree = SDKROOT; };
		E21AB81F285E856F002B88AF /* Frameworks */ = {isa = PBXFileReference; lastKnownFileType = folder; path = Frameworks; sourceTree = "<group>"; };
		E21AB821285E85B8002B88AF /* ios */ = {isa = PBXFileReference; lastKnownFileType = folder; name = ios; path = ..; sourceTree = "<group>"; };
		E21AB822285E85C9002B88AF /* MetalANGLE.xcframework */ = {isa = PBXFileReference; lastKnownFileType = wrapper.xcframework; name = MetalANGLE.xcframework; path = Frameworks/MetalANGLE.xcframework; sourceTree = "<group>"; };
		E22EF4C51A33491200A74B9F /* prototype.app */ = {isa = PBXFileReference; explicitFileType = wrapper.application; includeInIndex = 0; path = prototype.app; sourceTree = BUILT_PRODUCTS_DIR; };
		E22EF4F61A33523800A74B9F /* UIKit.framework */ = {isa = PBXFileReference; lastKnownFileType = wrapper.framework; name = UIKit.framework; path = System/Library/Frameworks/UIKit.framework; sourceTree = SDKROOT; };
		E22EF4F81A33524600A74B9F /* Foundation.framework */ = {isa = PBXFileReference; lastKnownFileType = wrapper.framework; name = Foundation.framework; path = System/Library/Frameworks/Foundation.framework; sourceTree = SDKROOT; };
		E22EF4FA1A33524F00A74B9F /* CoreGraphics.framework */ = {isa = PBXFileReference; lastKnownFileType = wrapper.framework; name = CoreGraphics.framework; path = System/Library/Frameworks/CoreGraphics.framework; sourceTree = SDKROOT; };
		E22EF4FE1A3352C500A74B9F /* AudioToolbox.framework */ = {isa = PBXFileReference; lastKnownFileType = wrapper.framework; name = AudioToolbox.framework; path = System/Library/Frameworks/AudioToolbox.framework; sourceTree = SDKROOT; };
		E22EF5001A3352D900A74B9F /* QuartzCore.framework */ = {isa = PBXFileReference; lastKnownFileType = wrapper.framework; name = QuartzCore.framework; path = System/Library/Frameworks/QuartzCore.framework; sourceTree = SDKROOT; };
		E22EF5021A3352EA00A74B9F /* ImageIO.framework */ = {isa = PBXFileReference; lastKnownFileType = wrapper.framework; name = ImageIO.framework; path = System/Library/Frameworks/ImageIO.framework; sourceTree = SDKROOT; };
		E22EF5041A3352F600A74B9F /* MobileCoreServices.framework */ = {isa = PBXFileReference; lastKnownFileType = wrapper.framework; name = MobileCoreServices.framework; path = System/Library/Frameworks/MobileCoreServices.framework; sourceTree = SDKROOT; };
		E266353E2425BD61005FA50B /* LaunchImage-foreground.png */ = {isa = PBXFileReference; lastKnownFileType = image.png; path = "LaunchImage-foreground.png"; sourceTree = "<group>"; };
		E266353F2425BD61005FA50B /* LaunchImage-background.png */ = {isa = PBXFileReference; lastKnownFileType = image.png; path = "LaunchImage-background.png"; sourceTree = "<group>"; };
		E2845E1E1A350A57004BC3F8 /* main.c */ = {isa = PBXFileReference; fileEncoding = 4; lastKnownFileType = sourcecode.c.c; path = main.c; sourceTree = "<group>"; };
		E2907EC224284D42003439CC /* Launch Screen.storyboard */ = {isa = PBXFileReference; lastKnownFileType = file.storyboard; path = "Launch Screen.storyboard"; sourceTree = "<group>"; };
		E2AFEA451A4A40F3001ED72C /* VideoPlayer.m */ = {isa = PBXFileReference; fileEncoding = 4; lastKnownFileType = sourcecode.c.objc; path = VideoPlayer.m; sourceTree = "<group>"; };
		E2BB98821A631363009C927E /* Media.xcassets */ = {isa = PBXFileReference; lastKnownFileType = folder.assetcatalog; path = Media.xcassets; sourceTree = "<group>"; };
		E2EF82EE1B350A1D00A94E16 /* CoreMotion.framework */ = {isa = PBXFileReference; lastKnownFileType = wrapper.framework; name = CoreMotion.framework; path = System/Library/Frameworks/CoreMotion.framework; sourceTree = SDKROOT; };
		E2EF82F81B40D83600A94E16 /* Log.m */ = {isa = PBXFileReference; fileEncoding = 4; lastKnownFileType = sourcecode.c.objc; path = Log.m; sourceTree = "<group>"; };
		E2F6E416241629FB00E81516 /* base */ = {isa = PBXFileReference; lastKnownFileType = folder; path = base; sourceTree = "<group>"; };
/* End PBXFileReference section */

/* Begin PBXFrameworksBuildPhase section */
		E22EF4C21A33491200A74B9F /* Frameworks */ = {
			isa = PBXFrameworksBuildPhase;
			buildActionMask = 2147483647;
			files = (
				E2F6E4132414A79E00E81516 /* CoreMotion.framework in Frameworks */,
				E22EF5031A3352EA00A74B9F /* ImageIO.framework in Frameworks */,
				E21AB827285E8791002B88AF /* GameController.framework in Frameworks */,
				E22EF5011A3352D900A74B9F /* QuartzCore.framework in Frameworks */,
				E22EF4FF1A3352C500A74B9F /* AudioToolbox.framework in Frameworks */,
				E21AB826285E878A002B88AF /* CoreServices.framework in Frameworks */,
				E22EF4FB1A33524F00A74B9F /* CoreGraphics.framework in Frameworks */,
				E22EF4F91A33524600A74B9F /* Foundation.framework in Frameworks */,
				E22EF4F71A33523800A74B9F /* UIKit.framework in Frameworks */,
				E21AB823285E85C9002B88AF /* MetalANGLE.xcframework in Frameworks */,
			);
			runOnlyForDeploymentPostprocessing = 0;
		};
/* End PBXFrameworksBuildPhase section */

/* Begin PBXGroup section */
		E22EF4BC1A33491100A74B9F = {
			isa = PBXGroup;
			children = (
				E21AB822285E85C9002B88AF /* MetalANGLE.xcframework */,
				E21AB821285E85B8002B88AF /* ios */,
				E2F6E416241629FB00E81516 /* base */,
				E21AB81F285E856F002B88AF /* Frameworks */,
				E2845E1E1A350A57004BC3F8 /* main.c */,
				E22EF4FE1A3352C500A74B9F /* AudioToolbox.framework */,
				E22EF4FA1A33524F00A74B9F /* CoreGraphics.framework */,
				E2EF82EE1B350A1D00A94E16 /* CoreMotion.framework */,
				E21AB81D285E8538002B88AF /* CoreServices.framework */,
				E22EF4F81A33524600A74B9F /* Foundation.framework */,
				E21AB81E285E853B002B88AF /* GameController.framework */,
				E22EF5021A3352EA00A74B9F /* ImageIO.framework */,
				E22EF5041A3352F600A74B9F /* MobileCoreServices.framework */,
				E22EF5001A3352D900A74B9F /* QuartzCore.framework */,
				E22EF4F61A33523800A74B9F /* UIKit.framework */,
				E218D27C1A69F7DF00698833 /* IAPHelper.m */,
				E2EF82F81B40D83600A94E16 /* Log.m */,
				E2AFEA451A4A40F3001ED72C /* VideoPlayer.m */,
				E20E170E1A34DF1900820124 /* Info.plist */,
				E266353F2425BD61005FA50B /* LaunchImage-background.png */,
				E266353E2425BD61005FA50B /* LaunchImage-foreground.png */,
				E2907EC224284D42003439CC /* Launch Screen.storyboard */,
				E2BB98821A631363009C927E /* Media.xcassets */,
				E22EF4C61A33491200A74B9F /* Products */,
			);
			sourceTree = "<group>";
		};
		E22EF4C61A33491200A74B9F /* Products */ = {
			isa = PBXGroup;
			children = (
				E22EF4C51A33491200A74B9F /* prototype.app */,
			);
			name = Products;
			sourceTree = "<group>";
		};
/* End PBXGroup section */

/* Begin PBXNativeTarget section */
		E22EF4C41A33491200A74B9F /* prototype */ = {
			isa = PBXNativeTarget;
			buildConfigurationList = E22EF4EC1A33491200A74B9F /* Build configuration list for PBXNativeTarget "prototype" */;
			buildPhases = (
				E22EF4C11A33491200A74B9F /* Sources */,
				E22EF4C21A33491200A74B9F /* Frameworks */,
				E22EF4C31A33491200A74B9F /* Resources */,
				E21AB825285E85C9002B88AF /* Embed Frameworks */,
			);
			buildRules = (
			);
			dependencies = (
			);
			name = prototype;
			productName = prototype;
			productReference = E22EF4C51A33491200A74B9F /* prototype.app */;
			productType = "com.apple.product-type.application";
		};
/* End PBXNativeTarget section */

/* Begin PBXProject section */
		E22EF4BD1A33491100A74B9F /* Project object */ = {
			isa = PBXProject;
			attributes = {
				LastUpgradeCheck = 1200;
				ORGANIZATIONNAME = "Organization Name";
				TargetAttributes = {
					E22EF4C41A33491200A74B9F = {
						CreatedOnToolsVersion = 6.1.1;
						DevelopmentTeam = XHTE5H7Z79;
					};
				};
			};
			buildConfigurationList = E22EF4C01A33491100A74B9F /* Build configuration list for PBXProject "prototype" */;
			compatibilityVersion = "Xcode 3.2";
			developmentRegion = en;
			hasScannedForEncodings = 0;
			knownRegions = (
				en,
				Base,
			);
			mainGroup = E22EF4BC1A33491100A74B9F;
			productRefGroup = E22EF4C61A33491200A74B9F /* Products */;
			projectDirPath = "";
			projectRoot = "";
			targets = (
				E22EF4C41A33491200A74B9F /* prototype */,
			);
		};
/* End PBXProject section */

/* Begin PBXResourcesBuildPhase section */
		E22EF4C31A33491200A74B9F /* Resources */ = {
			isa = PBXResourcesBuildPhase;
			buildActionMask = 2147483647;
			files = (
				E26635412425BD62005FA50B /* LaunchImage-background.png in Resources */,
				E26D5A9A241A038B00D17256 /* base in Resources */,
				E2BB98831A631363009C927E /* Media.xcassets in Resources */,
				E2907EC324284D42003439CC /* Launch Screen.storyboard in Resources */,
				E26635402425BD62005FA50B /* LaunchImage-foreground.png in Resources */,
			);
			runOnlyForDeploymentPostprocessing = 0;
		};
/* End PBXResourcesBuildPhase section */

/* Begin PBXSourcesBuildPhase section */
		E22EF4C11A33491200A74B9F /* Sources */ = {
			isa = PBXSourcesBuildPhase;
			buildActionMask = 2147483647;
			files = (
				E218D27D1A69F7DF00698833 /* IAPHelper.m in Sources */,
				E2EF82F91B40D83600A94E16 /* Log.m in Sources */,
				E2845E1F1A350A57004BC3F8 /* main.c in Sources */,
				E2AFEA461A4A40F3001ED72C /* VideoPlayer.m in Sources */,
			);
			runOnlyForDeploymentPostprocessing = 0;
		};
/* End PBXSourcesBuildPhase section */

/* Begin XCBuildConfiguration section */
		E22EF4EA1A33491200A74B9F /* Debug */ = {
			isa = XCBuildConfiguration;
			buildSettings = {
				ALWAYS_SEARCH_USER_PATHS = NO;
				CLANG_CXX_LANGUAGE_STANDARD = "gnu++0x";
				CLANG_CXX_LIBRARY = "libc++";
				CLANG_ENABLE_MODULES = YES;
				CLANG_ENABLE_OBJC_ARC = YES;
				CLANG_WARN_BLOCK_CAPTURE_AUTORELEASING = YES;
				CLANG_WARN_BOOL_CONVERSION = YES;
				CLANG_WARN_COMMA = YES;
				CLANG_WARN_CONSTANT_CONVERSION = YES;
				CLANG_WARN_DEPRECATED_OBJC_IMPLEMENTATIONS = YES;
				CLANG_WARN_DIRECT_OBJC_ISA_USAGE = YES_ERROR;
				CLANG_WARN_EMPTY_BODY = YES;
				CLANG_WARN_ENUM_CONVERSION = YES;
				CLANG_WARN_INFINITE_RECURSION = YES;
				CLANG_WARN_INT_CONVERSION = YES;
				CLANG_WARN_NON_LITERAL_NULL_CONVERSION = YES;
				CLANG_WARN_OBJC_IMPLICIT_RETAIN_SELF = YES;
				CLANG_WARN_OBJC_LITERAL_CONVERSION = YES;
				CLANG_WARN_OBJC_ROOT_CLASS = YES_ERROR;
				CLANG_WARN_QUOTED_INCLUDE_IN_FRAMEWORK_HEADER = YES;
				CLANG_WARN_RANGE_LOOP_ANALYSIS = YES;
				CLANG_WARN_STRICT_PROTOTYPES = YES;
				CLANG_WARN_SUSPICIOUS_MOVE = YES;
				CLANG_WARN_UNREACHABLE_CODE = YES;
				CLANG_WARN__DUPLICATE_METHOD_MATCH = YES;
				"CODE_SIGN_IDENTITY[sdk=iphoneos*]" = "iPhone Developer";
				COPY_PHASE_STRIP = NO;
				ENABLE_TESTABILITY = YES;
				GCC_C_LANGUAGE_STANDARD = gnu99;
				GCC_PREPROCESSOR_DEFINITIONS = (
					"DEBUG=1",
					"$(inherited)",
				);
				GCC_WARN_64_TO_32_BIT_CONVERSION = YES;
				GCC_WARN_ABOUT_RETURN_TYPE = YES_ERROR;
				GCC_WARN_UNDECLARED_SELECTOR = YES;
				GCC_WARN_UNINITIALIZED_AUTOS = YES_AGGRESSIVE;
				GCC_WARN_UNUSED_FUNCTION = YES;
				GCC_WARN_UNUSED_VARIABLE = YES;
				IPHONEOS_DEPLOYMENT_TARGET = 13.0;
				"LIBRARY_SEARCH_PATHS[arch=*]" = "";
				MTL_ENABLE_DEBUG_INFO = YES;
				ONLY_ACTIVE_ARCH = YES;
				"OTHER_LDFLAGS[arch=*]" = "";
				SDKROOT = iphoneos;
				SUPPORTED_PLATFORMS = "iphonesimulator iphoneos";
				TARGETED_DEVICE_FAMILY = "1,2";
			};
			name = Debug;
		};
		E22EF4EB1A33491200A74B9F /* Release */ = {
			isa = XCBuildConfiguration;
			buildSettings = {
				ALWAYS_SEARCH_USER_PATHS = NO;
				CLANG_CXX_LANGUAGE_STANDARD = "gnu++0x";
				CLANG_CXX_LIBRARY = "libc++";
				CLANG_ENABLE_MODULES = YES;
				CLANG_ENABLE_OBJC_ARC = YES;
				CLANG_WARN_BLOCK_CAPTURE_AUTORELEASING = YES;
				CLANG_WARN_BOOL_CONVERSION = YES;
				CLANG_WARN_COMMA = YES;
				CLANG_WARN_CONSTANT_CONVERSION = YES;
				CLANG_WARN_DEPRECATED_OBJC_IMPLEMENTATIONS = YES;
				CLANG_WARN_DIRECT_OBJC_ISA_USAGE = YES_ERROR;
				CLANG_WARN_EMPTY_BODY = YES;
				CLANG_WARN_ENUM_CONVERSION = YES;
				CLANG_WARN_INFINITE_RECURSION = YES;
				CLANG_WARN_INT_CONVERSION = YES;
				CLANG_WARN_NON_LITERAL_NULL_CONVERSION = YES;
				CLANG_WARN_OBJC_IMPLICIT_RETAIN_SELF = YES;
				CLANG_WARN_OBJC_LITERAL_CONVERSION = YES;
				CLANG_WARN_OBJC_ROOT_CLASS = YES_ERROR;
				CLANG_WARN_QUOTED_INCLUDE_IN_FRAMEWORK_HEADER = YES;
				CLANG_WARN_RANGE_LOOP_ANALYSIS = YES;
				CLANG_WARN_STRICT_PROTOTYPES = YES;
				CLANG_WARN_SUSPICIOUS_MOVE = YES;
				CLANG_WARN_UNREACHABLE_CODE = YES;
				CLANG_WARN__DUPLICATE_METHOD_MATCH = YES;
				"CODE_SIGN_IDENTITY[sdk=iphoneos*]" = "iPhone Developer";
				COPY_PHASE_STRIP = YES;
				ENABLE_NS_ASSERTIONS = NO;
				GCC_C_LANGUAGE_STANDARD = gnu99;
				GCC_WARN_64_TO_32_BIT_CONVERSION = YES;
				GCC_WARN_ABOUT_RETURN_TYPE = YES_ERROR;
				GCC_WARN_UNDECLARED_SELECTOR = YES;
				GCC_WARN_UNINITIALIZED_AUTOS = YES_AGGRESSIVE;
				GCC_WARN_UNUSED_FUNCTION = YES;
				GCC_WARN_UNUSED_VARIABLE = YES;
				IPHONEOS_DEPLOYMENT_TARGET = 13.0;
				"LIBRARY_SEARCH_PATHS[arch=*]" = "";
				MTL_ENABLE_DEBUG_INFO = NO;
				ONLY_ACTIVE_ARCH = NO;
				"OTHER_LDFLAGS[arch=*]" = "";
				SDKROOT = iphoneos;
				SUPPORTED_PLATFORMS = "iphonesimulator iphoneos";
				TARGETED_DEVICE_FAMILY = "1,2";
				VALIDATE_PRODUCT = YES;
			};
			name = Release;
		};
		E22EF4ED1A33491200A74B9F /* Debug */ = {
			isa = XCBuildConfiguration;
			buildSettings = {
				ALWAYS_SEARCH_USER_PATHS = YES;
				ASSETCATALOG_COMPILER_APPICON_NAME = AppIcon;
				DEAD_CODE_STRIPPING = YES;
				DEVELOPMENT_TEAM = XHTE5H7Z79;
				INFOPLIST_FILE = "$(SRCROOT)/Info.plist";
				INFOPLIST_KEY_LSApplicationCategoryType = "public.app-category.games";
				LD_RUNPATH_SEARCH_PATHS = (
					"$(inherited)",
					"@executable_path/Frameworks",
				);
				LIBRARY_SEARCH_PATHS = "$(inherited)";
				"LIBRARY_SEARCH_PATHS[sdk=iphoneos*]" = "$(SRCROOT)/prebuilt/release";
				"LIBRARY_SEARCH_PATHS[sdk=iphonesimulator*]" = "$(SRCROOT)/prebuilt/debug";
				OTHER_LDFLAGS = (
					"-lrenpython",
					"-lrenpy",
					"-lpython2.7",
					"-lavformat",
					"-lavcodec",
					"-lswscale",
					"-lswresample",
					"-lavutil",
					"-lSDL2_image",
					"-lSDL2",
					"-lavif",
					"-laom",
					"-lyuv",
					"-lturbojpeg",
					"-lpng16",
					"-lwebp",
					"-lharfbuzz",
					"-lbrotlidec",
					"-lfribidi",
					"-lfreetype",
					"-lffi",
					"-lssl",
					"-lcrypto",
					"-llzma",
					"-lbz2",
					"-lz",
				);
				PRODUCT_BUNDLE_IDENTIFIER = org.renpy.prototype;
				PRODUCT_NAME = prototype;
				USER_HEADER_SEARCH_PATHS = "";
			};
			name = Debug;
		};
		E22EF4EE1A33491200A74B9F /* Release */ = {
			isa = XCBuildConfiguration;
			buildSettings = {
				ALWAYS_SEARCH_USER_PATHS = YES;
				ASSETCATALOG_COMPILER_APPICON_NAME = AppIcon;
				DEAD_CODE_STRIPPING = YES;
				DEVELOPMENT_TEAM = XHTE5H7Z79;
				INFOPLIST_FILE = "$(SRCROOT)/Info.plist";
				INFOPLIST_KEY_LSApplicationCategoryType = "public.app-category.games";
				LD_RUNPATH_SEARCH_PATHS = (
					"$(inherited)",
					"@executable_path/Frameworks",
				);
				LIBRARY_SEARCH_PATHS = "$(SRCROOT)/prebuilt/release/";
				OTHER_LDFLAGS = (
					"-lrenpython",
					"-lrenpy",
					"-lpython3.9",
					"-lavformat",
					"-lavcodec",
					"-lswscale",
					"-lswresample",
					"-lavutil",
					"-lSDL2_image",
					"-lSDL2",
					"-lavif",
					"-laom",
					"-lyuv",
					"-lturbojpeg",
					"-lpng16",
					"-lwebp",
					"-lharfbuzz",
					"-lbrotlidec",
					"-lfribidi",
					"-lfreetype",
					"-lffi",
					"-lssl",
					"-lcrypto",
					"-llzma",
					"-lbz2",
					"-lz",
				);
				PRODUCT_BUNDLE_IDENTIFIER = org.renpy.prototype;
				PRODUCT_NAME = prototype;
				USER_HEADER_SEARCH_PATHS = "";
			};
			name = Release;
		};
/* End XCBuildConfiguration section */

/* Begin XCConfigurationList section */
		E22EF4C01A33491100A74B9F /* Build configuration list for PBXProject "prototype" */ = {
			isa = XCConfigurationList;
			buildConfigurations = (
				E22EF4EA1A33491200A74B9F /* Debug */,
				E22EF4EB1A33491200A74B9F /* Release */,
			);
			defaultConfigurationIsVisible = 0;
			defaultConfigurationName = Release;
		};
		E22EF4EC1A33491200A74B9F /* Build configuration list for PBXNativeTarget "prototype" */ = {
			isa = XCConfigurationList;
			buildConfigurations = (
				E22EF4ED1A33491200A74B9F /* Debug */,
				E22EF4EE1A33491200A74B9F /* Release */,
			);
			defaultConfigurationIsVisible = 0;
			defaultConfigurationName = Release;
		};
/* End XCConfigurationList section */
	};
	rootObject = E22EF4BD1A33491100A74B9F /* Project object */;
}
